# THIS IS AN AUTOGENERATED FILE. DO NOT EDIT THIS FILE DIRECTLY.
# yarn lockfile v1


node-fetch@^2.3.0:
  version "2.3.0"
  resolved "https://registry.yarnpkg.com/node-fetch/-/node-fetch-2.3.0.tgz#1a1d940bbfb916a1d3e0219f037e89e71f8c5fa5"

parse-ms@^2.0.0:
  version "2.0.0"
  resolved "https://registry.yarnpkg.com/parse-ms/-/parse-ms-2.0.0.tgz#7b3640295100caf3fa0100ccceb56635b62f9d62"

pidusage@^2.0.17:
  version "2.0.17"
  resolved "https://registry.yarnpkg.com/pidusage/-/pidusage-2.0.17.tgz#6b4a2b4a09026f0e9828f7e5627837e4c0672581"
  dependencies:
    safe-buffer "^5.1.2"

prettier@^1.16.4:
  version "1.16.4"
  resolved "https://registry.yarnpkg.com/prettier/-/prettier-1.16.4.tgz#73e37e73e018ad2db9c76742e2647e21790c9717"

pretty-bytes@^5.1.0:
  version "5.1.0"
  resolved "https://registry.yarnpkg.com/pretty-bytes/-/pretty-bytes-5.1.0.tgz#6237ecfbdc6525beaef4de722cc60a58ae0e6c6d"

pretty-ms@^4.0.0:
  version "4.0.0"
  resolved "https://registry.yarnpkg.com/pretty-ms/-/pretty-ms-4.0.0.tgz#31baf41b94fd02227098aaa03bd62608eb0d6e92"
  dependencies:
    parse-ms "^2.0.0"

safe-buffer@^5.1.2:
  version "5.1.2"
  resolved "https://registry.yarnpkg.com/safe-buffer/-/safe-buffer-5.1.2.tgz#991ec69d296e0313747d59bdfd2b745c35f8828d"
